
Microsoft Visual Studio Solution File, Format Version 12.00
# Visual Studio 15
VisualStudioVersion = 15.0.28307.438
MinimumVisualStudioVersion = 10.0.40219.1
Project("{FAE04EC0-301F-11D3-BF4B-00C04F79EFBC}") = "BarcodeScanner.Android", "BarcodeScanner\BarcodeScanner.Android\BarcodeScanner.Android.csproj", "{1099FFC3-70B2-4409-8462-2AC38CC0DB90}"
EndProject
Project("{FAE04EC0-301F-11D3-BF4B-00C04F79EFBC}") = "BarcodeScanner.iOS", "BarcodeScanner\BarcodeScanner.iOS\BarcodeScanner.iOS.csproj", "{501B1F3A-8DD3-4E45-98D8-0A4BA9214750}"
EndProject
Project("{FAE04EC0-301F-11D3-BF4B-00C04F79EFBC}") = "BarcodeScanner.UWP", "BarcodeScanner\BarcodeScanner.UWP\BarcodeScanner.UWP.csproj", "{E7B5C35B-D728-441D-ADF3-CE6B07B81E50}"
EndProject
Project("{FAE04EC0-301F-11D3-BF4B-00C04F79EFBC}") = "BarcodeScanner", "BarcodeScanner\BarcodeScanner\BarcodeScanner.csproj", "{6B8F4465-0339-4B05-A6AD-BACB0B9A9386}"
EndProject
Global
	GlobalSection(SolutionConfigurationPlatforms) = preSolution
		Ad-Hoc|Any CPU = Ad-Hoc|Any CPU
		Ad-Hoc|ARM = Ad-Hoc|ARM
		Ad-Hoc|iPhone = Ad-Hoc|iPhone
		Ad-Hoc|iPhoneSimulator = Ad-Hoc|iPhoneSimulator
		Ad-Hoc|x64 = Ad-Hoc|x64
		Ad-Hoc|x86 = Ad-Hoc|x86
		AppStore|Any CPU = AppStore|Any CPU
		AppStore|ARM = AppStore|ARM
		AppStore|iPhone = AppStore|iPhone
		AppStore|iPhoneSimulator = AppStore|iPhoneSimulator
		AppStore|x64 = AppStore|x64
		AppStore|x86 = AppStore|x86
		Debug|Any CPU = Debug|Any CPU
		Debug|ARM = Debug|ARM
		Debug|iPhone = Debug|iPhone
		Debug|iPhoneSimulator = Debug|iPhoneSimulator
		Debug|x64 = Debug|x64
		Debug|x86 = Debug|x86
		Release|Any CPU = Release|Any CPU
		Release|ARM = Release|ARM
		Release|iPhone = Release|iPhone
		Release|iPhoneSimulator = Release|iPhoneSimulator
		Release|x64 = Release|x64
		Release|x86 = Release|x86
	EndGlobalSection
	GlobalSection(ProjectConfigurationPlatforms) = postSolution
		{1099FFC3-70B2-4409-8462-2AC38CC0DB90}.Ad-Hoc|Any CPU.ActiveCfg = Release|Any CPU
		{1099FFC3-70B2-4409-8462-2AC38CC0DB90}.Ad-Hoc|Any CPU.Build.0 = Release|Any CPU
		{1099FFC3-70B2-4409-8462-2AC38CC0DB90}.Ad-Hoc|Any CPU.Deploy.0 = Release|Any CPU
		{1099FFC3-70B2-4409-8462-2AC38CC0DB90}.Ad-Hoc|ARM.ActiveCfg = Release|Any CPU
		{1099FFC3-70B2-4409-8462-2AC38CC0DB90}.Ad-Hoc|ARM.Build.0 = Release|Any CPU
		{1099FFC3-70B2-4409-8462-2AC38CC0DB90}.Ad-Hoc|ARM.Deploy.0 = Release|Any CPU
		{1099FFC3-70B2-4409-8462-2AC38CC0DB90}.Ad-Hoc|iPhone.ActiveCfg = Release|Any CPU
		{1099FFC3-70B2-4409-8462-2AC38CC0DB90}.Ad-Hoc|iPhone.Build.0 = Release|Any CPU
		{1099FFC3-70B2-4409-8462-2AC38CC0DB90}.Ad-Hoc|iPhone.Deploy.0 = Release|Any CPU
		{1099FFC3-70B2-4409-8462-2AC38CC0DB90}.Ad-Hoc|iPhoneSimulator.ActiveCfg = Release|Any CPU
		{1099FFC3-70B2-4409-8462-2AC38CC0DB90}.Ad-Hoc|iPhoneSimulator.Build.0 = Release|Any CPU
		{1099FFC3-70B2-4409-8462-2AC38CC0DB90}.Ad-Hoc|iPhoneSimulator.Deploy.0 = Release|Any CPU
		{1099FFC3-70B2-4409-8462-2AC38CC0DB90}.Ad-Hoc|x64.ActiveCfg = Release|Any CPU
		{1099FFC3-70B2-4409-8462-2AC38CC0DB90}.Ad-Hoc|x64.Build.0 = Release|Any CPU
		{1099FFC3-70B2-4409-8462-2AC38CC0DB90}.Ad-Hoc|x64.Deploy.0 = Release|Any CPU
		{1099FFC3-70B2-4409-8462-2AC38CC0DB90}.Ad-Hoc|x86.ActiveCfg = Release|Any CPU
		{1099FFC3-70B2-4409-8462-2AC38CC0DB90}.Ad-Hoc|x86.Build.0 = Release|Any CPU
		{1099FFC3-70B2-4409-8462-2AC38CC0DB90}.Ad-Hoc|x86.Deploy.0 = Release|Any CPU
		{1099FFC3-70B2-4409-8462-2AC38CC0DB90}.AppStore|Any CPU.ActiveCfg = Release|Any CPU
		{1099FFC3-70B2-4409-8462-2AC38CC0DB90}.AppStore|Any CPU.Build.0 = Release|Any CPU
		{1099FFC3-70B2-4409-8462-2AC38CC0DB90}.AppStore|Any CPU.Deploy.0 = Release|Any CPU
		{1099FFC3-70B2-4409-8462-2AC38CC0DB90}.AppStore|ARM.ActiveCfg = Release|Any CPU
		{1099FFC3-70B2-4409-8462-2AC38CC0DB90}.AppStore|ARM.Build.0 = Release|Any CPU
		{1099FFC3-70B2-4409-8462-2AC38CC0DB90}.AppStore|ARM.Deploy.0 = Release|Any CPU
		{1099FFC3-70B2-4409-8462-2AC38CC0DB90}.AppStore|iPhone.ActiveCfg = Release|Any CPU
		{1099FFC3-70B2-4409-8462-2AC38CC0DB90}.AppStore|iPhone.Build.0 = Release|Any CPU
		{1099FFC3-70B2-4409-8462-2AC38CC0DB90}.AppStore|iPhone.Deploy.0 = Release|Any CPU
		{1099FFC3-70B2-4409-8462-2AC38CC0DB90}.AppStore|iPhoneSimulator.ActiveCfg = Release|Any CPU
		{1099FFC3-70B2-4409-8462-2AC38CC0DB90}.AppStore|iPhoneSimulator.Build.0 = Release|Any CPU
		{1099FFC3-70B2-4409-8462-2AC38CC0DB90}.AppStore|iPhoneSimulator.Deploy.0 = Release|Any CPU
		{1099FFC3-70B2-4409-8462-2AC38CC0DB90}.AppStore|x64.ActiveCfg = Release|Any CPU
		{1099FFC3-70B2-4409-8462-2AC38CC0DB90}.AppStore|x64.Build.0 = Release|Any CPU
		{1099FFC3-70B2-4409-8462-2AC38CC0DB90}.AppStore|x64.Deploy.0 = Release|Any CPU
		{1099FFC3-70B2-4409-8462-2AC38CC0DB90}.AppStore|x86.ActiveCfg = Release|Any CPU
		{1099FFC3-70B2-4409-8462-2AC38CC0DB90}.AppStore|x86.Build.0 = Release|Any CPU
		{1099FFC3-70B2-4409-8462-2AC38CC0DB90}.AppStore|x86.Deploy.0 = Release|Any CPU
		{1099FFC3-70B2-4409-8462-2AC38CC0DB90}.Debug|Any CPU.ActiveCfg = Debug|Any CPU
		{1099FFC3-70B2-4409-8462-2AC38CC0DB90}.Debug|Any CPU.Build.0 = Debug|Any CPU
		{1099FFC3-70B2-4409-8462-2AC38CC0DB90}.Debug|Any CPU.Deploy.0 = Debug|Any CPU
		{1099FFC3-70B2-4409-8462-2AC38CC0DB90}.Debug|ARM.ActiveCfg = Debug|Any CPU
		{1099FFC3-70B2-4409-8462-2AC38CC0DB90}.Debug|ARM.Build.0 = Debug|Any CPU
		{1099FFC3-70B2-4409-8462-2AC38CC0DB90}.Debug|ARM.Deploy.0 = Debug|Any CPU
		{1099FFC3-70B2-4409-8462-2AC38CC0DB90}.Debug|iPhone.ActiveCfg = Debug|Any CPU
		{1099FFC3-70B2-4409-8462-2AC38CC0DB90}.Debug|iPhone.Build.0 = Debug|Any CPU
		{1099FFC3-70B2-4409-8462-2AC38CC0DB90}.Debug|iPhone.Deploy.0 = Debug|Any CPU
		{1099FFC3-70B2-4409-8462-2AC38CC0DB90}.Debug|iPhoneSimulator.ActiveCfg = Debug|Any CPU
		{1099FFC3-70B2-4409-8462-2AC38CC0DB90}.Debug|iPhoneSimulator.Build.0 = Debug|Any CPU
		{1099FFC3-70B2-4409-8462-2AC38CC0DB90}.Debug|iPhoneSimulator.Deploy.0 = Debug|Any CPU
		{1099FFC3-70B2-4409-8462-2AC38CC0DB90}.Debug|x64.ActiveCfg = Debug|Any CPU
		{1099FFC3-70B2-4409-8462-2AC38CC0DB90}.Debug|x64.Build.0 = Debug|Any CPU
		{1099FFC3-70B2-4409-8462-2AC38CC0DB90}.Debug|x64.Deploy.0 = Debug|Any CPU
		{1099FFC3-70B2-4409-8462-2AC38CC0DB90}.Debug|x86.ActiveCfg = Debug|Any CPU
		{1099FFC3-70B2-4409-8462-2AC38CC0DB90}.Debug|x86.Build.0 = Debug|Any CPU
		{1099FFC3-70B2-4409-8462-2AC38CC0DB90}.Debug|x86.Deploy.0 = Debug|Any CPU
		{1099FFC3-70B2-4409-8462-2AC38CC0DB90}.Release|Any CPU.ActiveCfg = Release|Any CPU
		{1099FFC3-70B2-4409-8462-2AC38CC0DB90}.Release|Any CPU.Build.0 = Release|Any CPU
		{1099FFC3-70B2-4409-8462-2AC38CC0DB90}.Release|Any CPU.Deploy.0 = Release|Any CPU
		{1099FFC3-70B2-4409-8462-2AC38CC0DB90}.Release|ARM.ActiveCfg = Release|Any CPU
		{1099FFC3-70B2-4409-8462-2AC38CC0DB90}.Release|ARM.Build.0 = Release|Any CPU
		{1099FFC3-70B2-4409-8462-2AC38CC0DB90}.Release|ARM.Deploy.0 = Release|Any CPU
		{1099FFC3-70B2-4409-8462-2AC38CC0DB90}.Release|iPhone.ActiveCfg = Release|Any CPU
		{1099FFC3-70B2-4409-8462-2AC38CC0DB90}.Release|iPhone.Build.0 = Release|Any CPU
		{1099FFC3-70B2-4409-8462-2AC38CC0DB90}.Release|iPhone.Deploy.0 = Release|Any CPU
		{1099FFC3-70B2-4409-8462-2AC38CC0DB90}.Release|iPhoneSimulator.ActiveCfg = Release|Any CPU
		{1099FFC3-70B2-4409-8462-2AC38CC0DB90}.Release|iPhoneSimulator.Build.0 = Release|Any CPU
		{1099FFC3-70B2-4409-8462-2AC38CC0DB90}.Release|iPhoneSimulator.Deploy.0 = Release|Any CPU
		{1099FFC3-70B2-4409-8462-2AC38CC0DB90}.Release|x64.ActiveCfg = Release|Any CPU
		{1099FFC3-70B2-4409-8462-2AC38CC0DB90}.Release|x64.Build.0 = Release|Any CPU
		{1099FFC3-70B2-4409-8462-2AC38CC0DB90}.Release|x64.Deploy.0 = Release|Any CPU
		{1099FFC3-70B2-4409-8462-2AC38CC0DB90}.Release|x86.ActiveCfg = Release|Any CPU
		{1099FFC3-70B2-4409-8462-2AC38CC0DB90}.Release|x86.Build.0 = Release|Any CPU
		{1099FFC3-70B2-4409-8462-2AC38CC0DB90}.Release|x86.Deploy.0 = Release|Any CPU
		{501B1F3A-8DD3-4E45-98D8-0A4BA9214750}.Ad-Hoc|Any CPU.ActiveCfg = Ad-Hoc|iPhone
		{501B1F3A-8DD3-4E45-98D8-0A4BA9214750}.Ad-Hoc|Any CPU.Build.0 = Ad-Hoc|iPhone
		{501B1F3A-8DD3-4E45-98D8-0A4BA9214750}.Ad-Hoc|Any CPU.Deploy.0 = Ad-Hoc|iPhone
		{501B1F3A-8DD3-4E45-98D8-0A4BA9214750}.Ad-Hoc|ARM.ActiveCfg = Ad-Hoc|iPhone
		{501B1F3A-8DD3-4E45-98D8-0A4BA9214750}.Ad-Hoc|ARM.Build.0 = Ad-Hoc|iPhone
		{501B1F3A-8DD3-4E45-98D8-0A4BA9214750}.Ad-Hoc|ARM.Deploy.0 = Ad-Hoc|iPhone
		{501B1F3A-8DD3-4E45-98D8-0A4BA9214750}.Ad-Hoc|iPhone.ActiveCfg = Ad-Hoc|iPhone
		{501B1F3A-8DD3-4E45-98D8-0A4BA9214750}.Ad-Hoc|iPhone.Build.0 = Ad-Hoc|iPhone
		{501B1F3A-8DD3-4E45-98D8-0A4BA9214750}.Ad-Hoc|iPhone.Deploy.0 = Ad-Hoc|iPhone
		{501B1F3A-8DD3-4E45-98D8-0A4BA9214750}.Ad-Hoc|iPhoneSimulator.ActiveCfg = Ad-Hoc|iPhoneSimulator
		{501B1F3A-8DD3-4E45-98D8-0A4BA9214750}.Ad-Hoc|iPhoneSimulator.Build.0 = Ad-Hoc|iPhoneSimulator
		{501B1F3A-8DD3-4E45-98D8-0A4BA9214750}.Ad-Hoc|iPhoneSimulator.Deploy.0 = Ad-Hoc|iPhoneSimulator
		{501B1F3A-8DD3-4E45-98D8-0A4BA9214750}.Ad-Hoc|x64.ActiveCfg = Ad-Hoc|iPhone
		{501B1F3A-8DD3-4E45-98D8-0A4BA9214750}.Ad-Hoc|x64.Build.0 = Ad-Hoc|iPhone
		{501B1F3A-8DD3-4E45-98D8-0A4BA9214750}.Ad-Hoc|x64.Deploy.0 = Ad-Hoc|iPhone
		{501B1F3A-8DD3-4E45-98D8-0A4BA9214750}.Ad-Hoc|x86.ActiveCfg = Ad-Hoc|iPhone
		{501B1F3A-8DD3-4E45-98D8-0A4BA9214750}.Ad-Hoc|x86.Build.0 = Ad-Hoc|iPhone
		{501B1F3A-8DD3-4E45-98D8-0A4BA9214750}.Ad-Hoc|x86.Deploy.0 = Ad-Hoc|iPhone
		{501B1F3A-8DD3-4E45-98D8-0A4BA9214750}.AppStore|Any CPU.ActiveCfg = AppStore|iPhone
		{501B1F3A-8DD3-4E45-98D8-0A4BA9214750}.AppStore|Any CPU.Build.0 = AppStore|iPhone
		{501B1F3A-8DD3-4E45-98D8-0A4BA9214750}.AppStore|Any CPU.Deploy.0 = AppStore|iPhone
		{501B1F3A-8DD3-4E45-98D8-0A4BA9214750}.AppStore|ARM.ActiveCfg = AppStore|iPhone
		{501B1F3A-8DD3-4E45-98D8-0A4BA9214750}.AppStore|ARM.Build.0 = AppStore|iPhone
		{501B1F3A-8DD3-4E45-98D8-0A4BA9214750}.AppStore|ARM.Deploy.0 = AppStore|iPhone
		{501B1F3A-8DD3-4E45-98D8-0A4BA9214750}.AppStore|iPhone.ActiveCfg = AppStore|iPhone
		{501B1F3A-8DD3-4E45-98D8-0A4BA9214750}.AppStore|iPhone.Build.0 = AppStore|iPhone
		{501B1F3A-8DD3-4E45-98D8-0A4BA9214750}.AppStore|iPhone.Deploy.0 = AppStore|iPhone
		{501B1F3A-8DD3-4E45-98D8-0A4BA9214750}.AppStore|iPhoneSimulator.ActiveCfg = AppStore|iPhoneSimulator
		{501B1F3A-8DD3-4E45-98D8-0A4BA9214750}.AppStore|iPhoneSimulator.Build.0 = AppStore|iPhoneSimulator
		{501B1F3A-8DD3-4E45-98D8-0A4BA9214750}.AppStore|iPhoneSimulator.Deploy.0 = AppStore|iPhoneSimulator
		{501B1F3A-8DD3-4E45-98D8-0A4BA9214750}.AppStore|x64.ActiveCfg = AppStore|iPhone
		{501B1F3A-8DD3-4E45-98D8-0A4BA9214750}.AppStore|x64.Build.0 = AppStore|iPhone
		{501B1F3A-8DD3-4E45-98D8-0A4BA9214750}.AppStore|x64.Deploy.0 = AppStore|iPhone
		{501B1F3A-8DD3-4E45-98D8-0A4BA9214750}.AppStore|x86.ActiveCfg = AppStore|iPhone
		{501B1F3A-8DD3-4E45-98D8-0A4BA9214750}.AppStore|x86.Build.0 = AppStore|iPhone
		{501B1F3A-8DD3-4E45-98D8-0A4BA9214750}.AppStore|x86.Deploy.0 = AppStore|iPhone
		{501B1F3A-8DD3-4E45-98D8-0A4BA9214750}.Debug|Any CPU.ActiveCfg = Debug|iPhoneSimulator
		{501B1F3A-8DD3-4E45-98D8-0A4BA9214750}.Debug|Any CPU.Build.0 = Debug|iPhoneSimulator
		{501B1F3A-8DD3-4E45-98D8-0A4BA9214750}.Debug|Any CPU.Deploy.0 = Debug|iPhoneSimulator
		{501B1F3A-8DD3-4E45-98D8-0A4BA9214750}.Debug|ARM.ActiveCfg = Debug|iPhone
		{501B1F3A-8DD3-4E45-98D8-0A4BA9214750}.Debug|ARM.Build.0 = Debug|iPhone
		{501B1F3A-8DD3-4E45-98D8-0A4BA9214750}.Debug|ARM.Deploy.0 = Debug|iPhone
		{501B1F3A-8DD3-4E45-98D8-0A4BA9214750}.Debug|iPhone.ActiveCfg = Debug|iPhone
		{501B1F3A-8DD3-4E45-98D8-0A4BA9214750}.Debug|iPhone.Build.0 = Debug|iPhone
		{501B1F3A-8DD3-4E45-98D8-0A4BA9214750}.Debug|iPhone.Deploy.0 = Debug|iPhone
		{501B1F3A-8DD3-4E45-98D8-0A4BA9214750}.Debug|iPhoneSimulator.ActiveCfg = Debug|iPhoneSimulator
		{501B1F3A-8DD3-4E45-98D8-0A4BA9214750}.Debug|iPhoneSimulator.Build.0 = Debug|iPhoneSimulator
		{501B1F3A-8DD3-4E45-98D8-0A4BA9214750}.Debug|iPhoneSimulator.Deploy.0 = Debug|iPhoneSimulator
		{501B1F3A-8DD3-4E45-98D8-0A4BA9214750}.Debug|x64.ActiveCfg = Debug|iPhone
		{501B1F3A-8DD3-4E45-98D8-0A4BA9214750}.Debug|x64.Build.0 = Debug|iPhone
		{501B1F3A-8DD3-4E45-98D8-0A4BA9214750}.Debug|x64.Deploy.0 = Debug|iPhone
		{501B1F3A-8DD3-4E45-98D8-0A4BA9214750}.Debug|x86.ActiveCfg = Debug|iPhone
		{501B1F3A-8DD3-4E45-98D8-0A4BA9214750}.Debug|x86.Build.0 = Debug|iPhone
		{501B1F3A-8DD3-4E45-98D8-0A4BA9214750}.Debug|x86.Deploy.0 = Debug|iPhone
		{501B1F3A-8DD3-4E45-98D8-0A4BA9214750}.Release|Any CPU.ActiveCfg = Release|iPhone
		{501B1F3A-8DD3-4E45-98D8-0A4BA9214750}.Release|Any CPU.Build.0 = Release|iPhone
		{501B1F3A-8DD3-4E45-98D8-0A4BA9214750}.Release|Any CPU.Deploy.0 = Release|iPhone
		{501B1F3A-8DD3-4E45-98D8-0A4BA9214750}.Release|ARM.ActiveCfg = Release|iPhone
		{501B1F3A-8DD3-4E45-98D8-0A4BA9214750}.Release|ARM.Build.0 = Release|iPhone
		{501B1F3A-8DD3-4E45-98D8-0A4BA9214750}.Release|ARM.Deploy.0 = Release|iPhone
		{501B1F3A-8DD3-4E45-98D8-0A4BA9214750}.Release|iPhone.ActiveCfg = Release|iPhone
		{501B1F3A-8DD3-4E45-98D8-0A4BA9214750}.Release|iPhone.Build.0 = Release|iPhone
		{501B1F3A-8DD3-4E45-98D8-0A4BA9214750}.Release|iPhone.Deploy.0 = Release|iPhone
		{501B1F3A-8DD3-4E45-98D8-0A4BA9214750}.Release|iPhoneSimulator.ActiveCfg = Release|iPhoneSimulator
		{501B1F3A-8DD3-4E45-98D8-0A4BA9214750}.Release|iPhoneSimulator.Build.0 = Release|iPhoneSimulator
		{501B1F3A-8DD3-4E45-98D8-0A4BA9214750}.Release|iPhoneSimulator.Deploy.0 = Release|iPhoneSimulator
		{501B1F3A-8DD3-4E45-98D8-0A4BA9214750}.Release|x64.ActiveCfg = Release|iPhone
		{501B1F3A-8DD3-4E45-98D8-0A4BA9214750}.Release|x64.Build.0 = Release|iPhone
		{501B1F3A-8DD3-4E45-98D8-0A4BA9214750}.Release|x64.Deploy.0 = Release|iPhone
		{501B1F3A-8DD3-4E45-98D8-0A4BA9214750}.Release|x86.ActiveCfg = Release|iPhone
		{501B1F3A-8DD3-4E45-98D8-0A4BA9214750}.Release|x86.Build.0 = Release|iPhone
		{501B1F3A-8DD3-4E45-98D8-0A4BA9214750}.Release|x86.Deploy.0 = Release|iPhone
		{E7B5C35B-D728-441D-ADF3-CE6B07B81E50}.Ad-Hoc|Any CPU.ActiveCfg = Release|x86
		{E7B5C35B-D728-441D-ADF3-CE6B07B81E50}.Ad-Hoc|Any CPU.Build.0 = Release|x86
		{E7B5C35B-D728-441D-ADF3-CE6B07B81E50}.Ad-Hoc|Any CPU.Deploy.0 = Release|x86
		{E7B5C35B-D728-441D-ADF3-CE6B07B81E50}.Ad-Hoc|ARM.ActiveCfg = Release|ARM
		{E7B5C35B-D728-441D-ADF3-CE6B07B81E50}.Ad-Hoc|ARM.Build.0 = Release|ARM
		{E7B5C35B-D728-441D-ADF3-CE6B07B81E50}.Ad-Hoc|ARM.Deploy.0 = Release|ARM
		{E7B5C35B-D728-441D-ADF3-CE6B07B81E50}.Ad-Hoc|iPhone.ActiveCfg = Release|x86
		{E7B5C35B-D728-441D-ADF3-CE6B07B81E50}.Ad-Hoc|iPhone.Build.0 = Release|x86
		{E7B5C35B-D728-441D-ADF3-CE6B07B81E50}.Ad-Hoc|iPhone.Deploy.0 = Release|x86
		{E7B5C35B-D728-441D-ADF3-CE6B07B81E50}.Ad-Hoc|iPhoneSimulator.ActiveCfg = Release|x86
		{E7B5C35B-D728-441D-ADF3-CE6B07B81E50}.Ad-Hoc|iPhoneSimulator.Build.0 = Release|x86
		{E7B5C35B-D728-441D-ADF3-CE6B07B81E50}.Ad-Hoc|iPhoneSimulator.Deploy.0 = Release|x86
		{E7B5C35B-D728-441D-ADF3-CE6B07B81E50}.Ad-Hoc|x64.ActiveCfg = Release|x64
		{E7B5C35B-D728-441D-ADF3-CE6B07B81E50}.Ad-Hoc|x64.Build.0 = Release|x64
		{E7B5C35B-D728-441D-ADF3-CE6B07B81E50}.Ad-Hoc|x64.Deploy.0 = Release|x64
		{E7B5C35B-D728-441D-ADF3-CE6B07B81E50}.Ad-Hoc|x86.ActiveCfg = Release|x86
		{E7B5C35B-D728-441D-ADF3-CE6B07B81E50}.Ad-Hoc|x86.Build.0 = Release|x86
		{E7B5C35B-D728-441D-ADF3-CE6B07B81E50}.Ad-Hoc|x86.Deploy.0 = Release|x86
		{E7B5C35B-D728-441D-ADF3-CE6B07B81E50}.AppStore|Any CPU.ActiveCfg = Release|x86
		{E7B5C35B-D728-441D-ADF3-CE6B07B81E50}.AppStore|Any CPU.Build.0 = Release|x86
		{E7B5C35B-D728-441D-ADF3-CE6B07B81E50}.AppStore|Any CPU.Deploy.0 = Release|x86
		{E7B5C35B-D728-441D-ADF3-CE6B07B81E50}.AppStore|ARM.ActiveCfg = Release|ARM
		{E7B5C35B-D728-441D-ADF3-CE6B07B81E50}.AppStore|ARM.Build.0 = Release|ARM
		{E7B5C35B-D728-441D-ADF3-CE6B07B81E50}.AppStore|ARM.Deploy.0 = Release|ARM
		{E7B5C35B-D728-441D-ADF3-CE6B07B81E50}.AppStore|iPhone.ActiveCfg = Release|x86
		{E7B5C35B-D728-441D-ADF3-CE6B07B81E50}.AppStore|iPhone.Build.0 = Release|x86
		{E7B5C35B-D728-441D-ADF3-CE6B07B81E50}.AppStore|iPhone.Deploy.0 = Release|x86
		{E7B5C35B-D728-441D-ADF3-CE6B07B81E50}.AppStore|iPhoneSimulator.ActiveCfg = Release|x86
		{E7B5C35B-D728-441D-ADF3-CE6B07B81E50}.AppStore|iPhoneSimulator.Build.0 = Release|x86
		{E7B5C35B-D728-441D-ADF3-CE6B07B81E50}.AppStore|iPhoneSimulator.Deploy.0 = Release|x86
		{E7B5C35B-D728-441D-ADF3-CE6B07B81E50}.AppStore|x64.ActiveCfg = Release|x64
		{E7B5C35B-D728-441D-ADF3-CE6B07B81E50}.AppStore|x64.Build.0 = Release|x64
		{E7B5C35B-D728-441D-ADF3-CE6B07B81E50}.AppStore|x64.Deploy.0 = Release|x64
		{E7B5C35B-D728-441D-ADF3-CE6B07B81E50}.AppStore|x86.ActiveCfg = Release|x86
		{E7B5C35B-D728-441D-ADF3-CE6B07B81E50}.AppStore|x86.Build.0 = Release|x86
		{E7B5C35B-D728-441D-ADF3-CE6B07B81E50}.AppStore|x86.Deploy.0 = Release|x86
		{E7B5C35B-D728-441D-ADF3-CE6B07B81E50}.Debug|Any CPU.ActiveCfg = Debug|x86
		{E7B5C35B-D728-441D-ADF3-CE6B07B81E50}.Debug|Any CPU.Build.0 = Debug|x86
		{E7B5C35B-D728-441D-ADF3-CE6B07B81E50}.Debug|Any CPU.Deploy.0 = Debug|x86
		{E7B5C35B-D728-441D-ADF3-CE6B07B81E50}.Debug|ARM.ActiveCfg = Debug|ARM
		{E7B5C35B-D728-441D-ADF3-CE6B07B81E50}.Debug|ARM.Build.0 = Debug|ARM
		{E7B5C35B-D728-441D-ADF3-CE6B07B81E50}.Debug|ARM.Deploy.0 = Debug|ARM
		{E7B5C35B-D728-441D-ADF3-CE6B07B81E50}.Debug|iPhone.ActiveCfg = Debug|x86
		{E7B5C35B-D728-441D-ADF3-CE6B07B81E50}.Debug|iPhone.Build.0 = Debug|x86
		{E7B5C35B-D728-441D-ADF3-CE6B07B81E50}.Debug|iPhone.Deploy.0 = Debug|x86
		{E7B5C35B-D728-441D-ADF3-CE6B07B81E50}.Debug|iPhoneSimulator.ActiveCfg = Debug|x86
		{E7B5C35B-D728-441D-ADF3-CE6B07B81E50}.Debug|iPhoneSimulator.Build.0 = Debug|x86
		{E7B5C35B-D728-441D-ADF3-CE6B07B81E50}.Debug|iPhoneSimulator.Deploy.0 = Debug|x86
		{E7B5C35B-D728-441D-ADF3-CE6B07B81E50}.Debug|x64.ActiveCfg = Debug|x64
		{E7B5C35B-D728-441D-ADF3-CE6B07B81E50}.Debug|x64.Build.0 = Debug|x64
		{E7B5C35B-D728-441D-ADF3-CE6B07B81E50}.Debug|x64.Deploy.0 = Debug|x64
		{E7B5C35B-D728-441D-ADF3-CE6B07B81E50}.Debug|x86.ActiveCfg = Debug|x86
		{E7B5C35B-D728-441D-ADF3-CE6B07B81E50}.Debug|x86.Build.0 = Debug|x86
		{E7B5C35B-D728-441D-ADF3-CE6B07B81E50}.Debug|x86.Deploy.0 = Debug|x86
		{E7B5C35B-D728-441D-ADF3-CE6B07B81E50}.Release|Any CPU.ActiveCfg = Release|x86
		{E7B5C35B-D728-441D-ADF3-CE6B07B81E50}.Release|Any CPU.Build.0 = Release|x86
		{E7B5C35B-D728-441D-ADF3-CE6B07B81E50}.Release|Any CPU.Deploy.0 = Release|x86
		{E7B5C35B-D728-441D-ADF3-CE6B07B81E50}.Release|ARM.ActiveCfg = Release|ARM
		{E7B5C35B-D728-441D-ADF3-CE6B07B81E50}.Release|ARM.Build.0 = Release|ARM
		{E7B5C35B-D728-441D-ADF3-CE6B07B81E50}.Release|ARM.Deploy.0 = Release|ARM
		{E7B5C35B-D728-441D-ADF3-CE6B07B81E50}.Release|iPhone.ActiveCfg = Release|x86
		{E7B5C35B-D728-441D-ADF3-CE6B07B81E50}.Release|iPhone.Build.0 = Release|x86
		{E7B5C35B-D728-441D-ADF3-CE6B07B81E50}.Release|iPhone.Deploy.0 = Release|x86
		{E7B5C35B-D728-441D-ADF3-CE6B07B81E50}.Release|iPhoneSimulator.ActiveCfg = Release|x86
		{E7B5C35B-D728-441D-ADF3-CE6B07B81E50}.Release|iPhoneSimulator.Build.0 = Release|x86
		{E7B5C35B-D728-441D-ADF3-CE6B07B81E50}.Release|iPhoneSimulator.Deploy.0 = Release|x86
		{E7B5C35B-D728-441D-ADF3-CE6B07B81E50}.Release|x64.ActiveCfg = Release|x64
		{E7B5C35B-D728-441D-ADF3-CE6B07B81E50}.Release|x64.Build.0 = Release|x64
		{E7B5C35B-D728-441D-ADF3-CE6B07B81E50}.Release|x64.Deploy.0 = Release|x64
		{E7B5C35B-D728-441D-ADF3-CE6B07B81E50}.Release|x86.ActiveCfg = Release|x86
		{E7B5C35B-D728-441D-ADF3-CE6B07B81E50}.Release|x86.Build.0 = Release|x86
		{E7B5C35B-D728-441D-ADF3-CE6B07B81E50}.Release|x86.Deploy.0 = Release|x86
		{6B8F4465-0339-4B05-A6AD-BACB0B9A9386}.Ad-Hoc|Any CPU.ActiveCfg = Debug|Any CPU
		{6B8F4465-0339-4B05-A6AD-BACB0B9A9386}.Ad-Hoc|Any CPU.Build.0 = Debug|Any CPU
		{6B8F4465-0339-4B05-A6AD-BACB0B9A9386}.Ad-Hoc|Any CPU.Deploy.0 = Debug|Any CPU
		{6B8F4465-0339-4B05-A6AD-BACB0B9A9386}.Ad-Hoc|ARM.ActiveCfg = Debug|Any CPU
		{6B8F4465-0339-4B05-A6AD-BACB0B9A9386}.Ad-Hoc|ARM.Build.0 = Debug|Any CPU
		{6B8F4465-0339-4B05-A6AD-BACB0B9A9386}.Ad-Hoc|ARM.Deploy.0 = Debug|Any CPU
		{6B8F4465-0339-4B05-A6AD-BACB0B9A9386}.Ad-Hoc|iPhone.ActiveCfg = Debug|Any CPU
		{6B8F4465-0339-4B05-A6AD-BACB0B9A9386}.Ad-Hoc|iPhone.Build.0 = Debug|Any CPU
		{6B8F4465-0339-4B05-A6AD-BACB0B9A9386}.Ad-Hoc|iPhone.Deploy.0 = Debug|Any CPU
		{6B8F4465-0339-4B05-A6AD-BACB0B9A9386}.Ad-Hoc|iPhoneSimulator.ActiveCfg = Debug|Any CPU
		{6B8F4465-0339-4B05-A6AD-BACB0B9A9386}.Ad-Hoc|iPhoneSimulator.Build.0 = Debug|Any CPU
		{6B8F4465-0339-4B05-A6AD-BACB0B9A9386}.Ad-Hoc|iPhoneSimulator.Deploy.0 = Debug|Any CPU
		{6B8F4465-0339-4B05-A6AD-BACB0B9A9386}.Ad-Hoc|x64.ActiveCfg = Debug|Any CPU
		{6B8F4465-0339-4B05-A6AD-BACB0B9A9386}.Ad-Hoc|x64.Build.0 = Debug|Any CPU
		{6B8F4465-0339-4B05-A6AD-BACB0B9A9386}.Ad-Hoc|x64.Deploy.0 = Debug|Any CPU
		{6B8F4465-0339-4B05-A6AD-BACB0B9A9386}.Ad-Hoc|x86.ActiveCfg = Debug|Any CPU
		{6B8F4465-0339-4B05-A6AD-BACB0B9A9386}.Ad-Hoc|x86.Build.0 = Debug|Any CPU
		{6B8F4465-0339-4B05-A6AD-BACB0B9A9386}.Ad-Hoc|x86.Deploy.0 = Debug|Any CPU
		{6B8F4465-0339-4B05-A6AD-BACB0B9A9386}.AppStore|Any CPU.ActiveCfg = Debug|Any CPU
		{6B8F4465-0339-4B05-A6AD-BACB0B9A9386}.AppStore|Any CPU.Build.0 = Debug|Any CPU
		{6B8F4465-0339-4B05-A6AD-BACB0B9A9386}.AppStore|Any CPU.Deploy.0 = Debug|Any CPU
		{6B8F4465-0339-4B05-A6AD-BACB0B9A9386}.AppStore|ARM.ActiveCfg = Debug|Any CPU
		{6B8F4465-0339-4B05-A6AD-BACB0B9A9386}.AppStore|ARM.Build.0 = Debug|Any CPU
		{6B8F4465-0339-4B05-A6AD-BACB0B9A9386}.AppStore|ARM.Deploy.0 = Debug|Any CPU
		{6B8F4465-0339-4B05-A6AD-BACB0B9A9386}.AppStore|iPhone.ActiveCfg = Debug|Any CPU
		{6B8F4465-0339-4B05-A6AD-BACB0B9A9386}.AppStore|iPhone.Build.0 = Debug|Any CPU
		{6B8F4465-0339-4B05-A6AD-BACB0B9A9386}.AppStore|iPhone.Deploy.0 = Debug|Any CPU
		{6B8F4465-0339-4B05-A6AD-BACB0B9A9386}.AppStore|iPhoneSimulator.ActiveCfg = Debug|Any CPU
		{6B8F4465-0339-4B05-A6AD-BACB0B9A9386}.AppStore|iPhoneSimulator.Build.0 = Debug|Any CPU
		{6B8F4465-0339-4B05-A6AD-BACB0B9A9386}.AppStore|iPhoneSimulator.Deploy.0 = Debug|Any CPU
		{6B8F4465-0339-4B05-A6AD-BACB0B9A9386}.AppStore|x64.ActiveCfg = Debug|Any CPU
		{6B8F4465-0339-4B05-A6AD-BACB0B9A9386}.AppStore|x64.Build.0 = Debug|Any CPU
		{6B8F4465-0339-4B05-A6AD-BACB0B9A9386}.AppStore|x64.Deploy.0 = Debug|Any CPU
		{6B8F4465-0339-4B05-A6AD-BACB0B9A9386}.AppStore|x86.ActiveCfg = Debug|Any CPU
		{6B8F4465-0339-4B05-A6AD-BACB0B9A9386}.AppStore|x86.Build.0 = Debug|Any CPU
		{6B8F4465-0339-4B05-A6AD-BACB0B9A9386}.AppStore|x86.Deploy.0 = Debug|Any CPU
		{6B8F4465-0339-4B05-A6AD-BACB0B9A9386}.Debug|Any CPU.ActiveCfg = Debug|Any CPU
		{6B8F4465-0339-4B05-A6AD-BACB0B9A9386}.Debug|Any CPU.Build.0 = Debug|Any CPU
		{6B8F4465-0339-4B05-A6AD-BACB0B9A9386}.Debug|Any CPU.Deploy.0 = Debug|Any CPU
		{6B8F4465-0339-4B05-A6AD-BACB0B9A9386}.Debug|ARM.ActiveCfg = Debug|Any CPU
		{6B8F4465-0339-4B05-A6AD-BACB0B9A9386}.Debug|ARM.Build.0 = Debug|Any CPU
		{6B8F4465-0339-4B05-A6AD-BACB0B9A9386}.Debug|ARM.Deploy.0 = Debug|Any CPU
		{6B8F4465-0339-4B05-A6AD-BACB0B9A9386}.Debug|iPhone.ActiveCfg = Debug|Any CPU
		{6B8F4465-0339-4B05-A6AD-BACB0B9A9386}.Debug|iPhone.Build.0 = Debug|Any CPU
		{6B8F4465-0339-4B05-A6AD-BACB0B9A9386}.Debug|iPhone.Deploy.0 = Debug|Any CPU
		{6B8F4465-0339-4B05-A6AD-BACB0B9A9386}.Debug|iPhoneSimulator.ActiveCfg = Debug|Any CPU
		{6B8F4465-0339-4B05-A6AD-BACB0B9A9386}.Debug|iPhoneSimulator.Build.0 = Debug|Any CPU
		{6B8F4465-0339-4B05-A6AD-BACB0B9A9386}.Debug|iPhoneSimulator.Deploy.0 = Debug|Any CPU
		{6B8F4465-0339-4B05-A6AD-BACB0B9A9386}.Debug|x64.ActiveCfg = Debug|Any CPU
		{6B8F4465-0339-4B05-A6AD-BACB0B9A9386}.Debug|x64.Build.0 = Debug|Any CPU
		{6B8F4465-0339-4B05-A6AD-BACB0B9A9386}.Debug|x64.Deploy.0 = Debug|Any CPU
		{6B8F4465-0339-4B05-A6AD-BACB0B9A9386}.Debug|x86.ActiveCfg = Debug|Any CPU
		{6B8F4465-0339-4B05-A6AD-BACB0B9A9386}.Debug|x86.Build.0 = Debug|Any CPU
		{6B8F4465-0339-4B05-A6AD-BACB0B9A9386}.Debug|x86.Deploy.0 = Debug|Any CPU
		{6B8F4465-0339-4B05-A6AD-BACB0B9A9386}.Release|Any CPU.ActiveCfg = Release|Any CPU
		{6B8F4465-0339-4B05-A6AD-BACB0B9A9386}.Release|Any CPU.Build.0 = Release|Any CPU
		{6B8F4465-0339-4B05-A6AD-BACB0B9A9386}.Release|Any CPU.Deploy.0 = Release|Any CPU
		{6B8F4465-0339-4B05-A6AD-BACB0B9A9386}.Release|ARM.ActiveCfg = Release|Any CPU
		{6B8F4465-0339-4B05-A6AD-BACB0B9A9386}.Release|ARM.Build.0 = Release|Any CPU
		{6B8F4465-0339-4B05-A6AD-BACB0B9A9386}.Release|ARM.Deploy.0 = Release|Any CPU
		{6B8F4465-0339-4B05-A6AD-BACB0B9A9386}.Release|iPhone.ActiveCfg = Release|Any CPU
		{6B8F4465-0339-4B05-A6AD-BACB0B9A9386}.Release|iPhone.Build.0 = Release|Any CPU
		{6B8F4465-0339-4B05-A6AD-BACB0B9A9386}.Release|iPhone.Deploy.0 = Release|Any CPU
		{6B8F4465-0339-4B05-A6AD-BACB0B9A9386}.Release|iPhoneSimulator.ActiveCfg = Release|Any CPU
		{6B8F4465-0339-4B05-A6AD-BACB0B9A9386}.Release|iPhoneSimulator.Build.0 = Release|Any CPU
		{6B8F4465-0339-4B05-A6AD-BACB0B9A9386}.Release|iPhoneSimulator.Deploy.0 = Release|Any CPU
		{6B8F4465-0339-4B05-A6AD-BACB0B9A9386}.Release|x64.ActiveCfg = Release|Any CPU
		{6B8F4465-0339-4B05-A6AD-BACB0B9A9386}.Release|x64.Build.0 = Release|Any CPU
		{6B8F4465-0339-4B05-A6AD-BACB0B9A9386}.Release|x64.Deploy.0 = Release|Any CPU
		{6B8F4465-0339-4B05-A6AD-BACB0B9A9386}.Release|x86.ActiveCfg = Release|Any CPU
		{6B8F4465-0339-4B05-A6AD-BACB0B9A9386}.Release|x86.Build.0 = Release|Any CPU
		{6B8F4465-0339-4B05-A6AD-BACB0B9A9386}.Release|x86.Deploy.0 = Release|Any CPU
	EndGlobalSection
	GlobalSection(SolutionProperties) = preSolution
		HideSolutionNode = FALSE
	EndGlobalSection
	GlobalSection(ExtensibilityGlobals) = postSolution
		SolutionGuid = {F51FF91E-8377-4971-B85F-598301821393}
	EndGlobalSection
EndGlobal
